
Microsoft Visual Studio Solution File, Format Version 12.00
# Visual Studio Version 17
VisualStudioVersion = 17.5.002.0
MinimumVisualStudioVersion = 10.0.40219.1
Project("{9A19103F-16F7-4668-BE54-9A1E7A4F7556}") = "CSharpRestfulAPI", "CSharpRestfulAPI.csproj", "{C2B40507-2B21-436A-BA5D-4BD847D88751}"
EndProject
Global
	GlobalSection(SolutionConfigurationPlatforms) = preSolution
		Debug|Any CPU = Debug|Any CPU
		Release|Any CPU = Release|Any CPU
	EndGlobalSection
	GlobalSection(ProjectConfigurationPlatforms) = postSolution
		{C2B40507-2B21-436A-BA5D-4BD847D88751}.Debug|Any CPU.ActiveCfg = Debug|Any CPU
		{C2B40507-2B21-436A-BA5D-4BD847D88751}.Debug|Any CPU.Build.0 = Debug|Any CPU
		{C2B40507-2B21-436A-BA5D-4BD847D88751}.Release|Any CPU.ActiveCfg = Release|Any CPU
		{C2B40507-2B21-436A-BA5D-4BD847D88751}.Release|Any CPU.Build.0 = Release|Any CPU
	EndGlobalSection
	GlobalSection(SolutionProperties) = preSolution
		HideSolutionNode = FALSE
	EndGlobalSection
	GlobalSection(ExtensibilityGlobals) = postSolution
		SolutionGuid = {2D422D67-207E-44F2-B77D-20048D302304}
	EndGlobalSection
EndGlobal
